{
  "name": "semantic-matcher-2",
  "version": "2.0.0",
  "lockfileVersion": 3,
  "requires": true,
  "packages": {
    "": {
      "name": "semantic-matcher-2",
      "version": "2.0.0",
      "dependencies": {
        "chromadb": "^1.10.3",
        "chromadb-default-embed": "^2.13.2",
        "express": "^4.21.2"
      },
      "engines": {
        "node": ">=18.0.0"
      }
    }
  }
}